
Microsoft Visual Studio Solution File, Format Version 12.00
# Visual Studio Version 17
VisualStudioVersion = 17.0.31912.275
MinimumVisualStudioVersion = 10.0.40219.1
Project("{9A19103F-16F7-4668-BE54-9A1E7A4F7556}") = "Host", "App\Host.csproj", "{28B4F7B6-BE25-4F28-94AB-BC71D6935D1A}"
EndProject
Project("{9A19103F-16F7-4668-BE54-9A1E7A4F7556}") = "Core", "..\Santel\Core\Core.csproj", "{4FA15B5C-B138-4C8D-A38A-81873C62A146}"
EndProject
Project("{FAE04EC0-301F-11D3-BF4B-00C04F79EFBC}") = "ClientApp", "..\Santel\ClientApp\ClientApp.csproj", "{A19E5105-2246-4822-976E-C56A821885BA}"
EndProject
Global
	GlobalSection(SolutionConfigurationPlatforms) = preSolution
		Debug|Any CPU = Debug|Any CPU
		Debug|x86 = Debug|x86
		Release|Any CPU = Release|Any CPU
		Release|x86 = Release|x86
	EndGlobalSection
	GlobalSection(ProjectConfigurationPlatforms) = postSolution
		{28B4F7B6-BE25-4F28-94AB-BC71D6935D1A}.Debug|Any CPU.ActiveCfg = Debug|Any CPU
		{28B4F7B6-BE25-4F28-94AB-BC71D6935D1A}.Debug|Any CPU.Build.0 = Debug|Any CPU
		{28B4F7B6-BE25-4F28-94AB-BC71D6935D1A}.Debug|x86.ActiveCfg = Debug|Any CPU
		{28B4F7B6-BE25-4F28-94AB-BC71D6935D1A}.Debug|x86.Build.0 = Debug|Any CPU
		{28B4F7B6-BE25-4F28-94AB-BC71D6935D1A}.Release|Any CPU.ActiveCfg = Release|Any CPU
		{28B4F7B6-BE25-4F28-94AB-BC71D6935D1A}.Release|Any CPU.Build.0 = Release|Any CPU
		{28B4F7B6-BE25-4F28-94AB-BC71D6935D1A}.Release|x86.ActiveCfg = Release|Any CPU
		{28B4F7B6-BE25-4F28-94AB-BC71D6935D1A}.Release|x86.Build.0 = Release|Any CPU
		{4FA15B5C-B138-4C8D-A38A-81873C62A146}.Debug|Any CPU.ActiveCfg = Debug|Any CPU
		{4FA15B5C-B138-4C8D-A38A-81873C62A146}.Debug|Any CPU.Build.0 = Debug|Any CPU
		{4FA15B5C-B138-4C8D-A38A-81873C62A146}.Debug|x86.ActiveCfg = Debug|Any CPU
		{4FA15B5C-B138-4C8D-A38A-81873C62A146}.Debug|x86.Build.0 = Debug|Any CPU
		{4FA15B5C-B138-4C8D-A38A-81873C62A146}.Release|Any CPU.ActiveCfg = Release|Any CPU
		{4FA15B5C-B138-4C8D-A38A-81873C62A146}.Release|Any CPU.Build.0 = Release|Any CPU
		{4FA15B5C-B138-4C8D-A38A-81873C62A146}.Release|x86.ActiveCfg = Release|Any CPU
		{4FA15B5C-B138-4C8D-A38A-81873C62A146}.Release|x86.Build.0 = Release|Any CPU
		{A19E5105-2246-4822-976E-C56A821885BA}.Debug|Any CPU.ActiveCfg = Debug|x86
		{A19E5105-2246-4822-976E-C56A821885BA}.Debug|x86.ActiveCfg = Debug|x86
		{A19E5105-2246-4822-976E-C56A821885BA}.Debug|x86.Build.0 = Debug|x86
		{A19E5105-2246-4822-976E-C56A821885BA}.Release|Any CPU.ActiveCfg = Debug|x86
		{A19E5105-2246-4822-976E-C56A821885BA}.Release|Any CPU.Build.0 = Debug|x86
		{A19E5105-2246-4822-976E-C56A821885BA}.Release|x86.ActiveCfg = Debug|x86
		{A19E5105-2246-4822-976E-C56A821885BA}.Release|x86.Build.0 = Debug|x86
	EndGlobalSection
	GlobalSection(SolutionProperties) = preSolution
		HideSolutionNode = FALSE
	EndGlobalSection
	GlobalSection(ExtensibilityGlobals) = postSolution
		SolutionGuid = {EBA111EC-5AAA-4816-B636-F318E38BBAFF}
	EndGlobalSection
EndGlobal
